
Microsoft Visual Studio Solution File, Format Version 12.00
# Visual Studio 15
VisualStudioVersion = 15.0.27130.2036
MinimumVisualStudioVersion = 10.0.40219.1
Project("{9A19103F-16F7-4668-BE54-9A1E7A4F7556}") = "HatServer", "HatServer\HatServer.csproj", "{F1250DA1-80DE-41D9-89F1-AF3334D3CADA}"
EndProject
Project("{9A19103F-16F7-4668-BE54-9A1E7A4F7556}") = "ConsoleMigration", "ConsoleMigration\ConsoleMigration.csproj", "{64C52521-80E3-46DE-A25A-F69E7B102654}"
EndProject
Project("{FAE04EC0-301F-11D3-BF4B-00C04F79EFBC}") = "Utilities", "Utilities\Utilities.csproj", "{8A5193B2-85DF-4195-9685-57A38972FCE9}"
EndProject
Project("{FAE04EC0-301F-11D3-BF4B-00C04F79EFBC}") = "SpellChecker", "SpellChecker\SpellChecker.csproj", "{A4562344-5FDF-4F2A-A2FD-E37D3B8C187A}"
EndProject
Global
	GlobalSection(SolutionConfigurationPlatforms) = preSolution
		Debug|Any CPU = Debug|Any CPU
		Release|Any CPU = Release|Any CPU
	EndGlobalSection
	GlobalSection(ProjectConfigurationPlatforms) = postSolution
		{F1250DA1-80DE-41D9-89F1-AF3334D3CADA}.Debug|Any CPU.ActiveCfg = Debug|Any CPU
		{F1250DA1-80DE-41D9-89F1-AF3334D3CADA}.Debug|Any CPU.Build.0 = Debug|Any CPU
		{F1250DA1-80DE-41D9-89F1-AF3334D3CADA}.Release|Any CPU.ActiveCfg = Release|Any CPU
		{F1250DA1-80DE-41D9-89F1-AF3334D3CADA}.Release|Any CPU.Build.0 = Release|Any CPU
		{64C52521-80E3-46DE-A25A-F69E7B102654}.Debug|Any CPU.ActiveCfg = Debug|Any CPU
		{64C52521-80E3-46DE-A25A-F69E7B102654}.Debug|Any CPU.Build.0 = Debug|Any CPU
		{64C52521-80E3-46DE-A25A-F69E7B102654}.Release|Any CPU.ActiveCfg = Release|Any CPU
		{64C52521-80E3-46DE-A25A-F69E7B102654}.Release|Any CPU.Build.0 = Release|Any CPU
		{8A5193B2-85DF-4195-9685-57A38972FCE9}.Debug|Any CPU.ActiveCfg = Debug|Any CPU
		{8A5193B2-85DF-4195-9685-57A38972FCE9}.Debug|Any CPU.Build.0 = Debug|Any CPU
		{8A5193B2-85DF-4195-9685-57A38972FCE9}.Release|Any CPU.ActiveCfg = Release|Any CPU
		{8A5193B2-85DF-4195-9685-57A38972FCE9}.Release|Any CPU.Build.0 = Release|Any CPU
		{A4562344-5FDF-4F2A-A2FD-E37D3B8C187A}.Debug|Any CPU.ActiveCfg = Debug|Any CPU
		{A4562344-5FDF-4F2A-A2FD-E37D3B8C187A}.Debug|Any CPU.Build.0 = Debug|Any CPU
		{A4562344-5FDF-4F2A-A2FD-E37D3B8C187A}.Release|Any CPU.ActiveCfg = Release|Any CPU
		{A4562344-5FDF-4F2A-A2FD-E37D3B8C187A}.Release|Any CPU.Build.0 = Release|Any CPU
	EndGlobalSection
	GlobalSection(SolutionProperties) = preSolution
		HideSolutionNode = FALSE
	EndGlobalSection
	GlobalSection(ExtensibilityGlobals) = postSolution
		SolutionGuid = {422CF675-E592-4310-91E0-D69E047329EE}
	EndGlobalSection
EndGlobal
